
Microsoft Visual Studio Solution File, Format Version 12.00
# Visual Studio Version 18
VisualStudioVersion = 18.0.11222.15
MinimumVisualStudioVersion = 10.0.40219.1
Project("{FAE04EC0-301F-11D3-BF4B-00C04F79EFBC}") = "GuacamoleClient-WinForms", "GuacamoleClient-WinForms\GuacamoleClient-WinForms.csproj", "{84C57181-7C19-1558-EB2F-2E7F8A4D17A2}"
EndProject
Project("{2150E333-8FDC-42A3-9474-1A3956D46DE8}") = "Projektmappenelemente", "Projektmappenelemente", "{84D27F74-D2BA-6C25-2661-968F101900D9}"
	ProjectSection(SolutionItems) = preProject
		.github\workflows\BuildAndTest.yml = .github\workflows\BuildAndTest.yml
		LICENSE = LICENSE
		.github\workflows\PublishRelease.yml = .github\workflows\PublishRelease.yml
		README.md = README.md
	EndProjectSection
EndProject
Project("{FAE04EC0-301F-11D3-BF4B-00C04F79EFBC}") = "GuacamoleClient-Avalonia", "GuacamoleClient-Avalonia\GuacamoleClient-Avalonia.csproj", "{23A3D3EC-CA5B-6324-5D6D-092247027D53}"
EndProject
Project("{FAE04EC0-301F-11D3-BF4B-00C04F79EFBC}") = "GuacamoleCommon", "GuacamoleCommon\GuacamoleCommon.csproj", "{B03BF4BB-2B9E-4D19-B955-EE96D82DA151}"
EndProject
Project("{C7167F0D-BC9F-4E6E-AFE1-012C56B48DB5}") = "WinAppPackagingMsixGuacamoleClientWinForms", "WinAppPackagingMsixGuacamoleClientWinForms\WinAppPackagingMsixGuacamoleClientWinForms.wapproj", "{2383B0BA-14D1-40AE-B160-43C6502AE1E5}"
EndProject
Global
	GlobalSection(SolutionConfigurationPlatforms) = preSolution
		CI_CD|Any CPU = CI_CD|Any CPU
		CI_CD|ARM = CI_CD|ARM
		CI_CD|ARM64 = CI_CD|ARM64
		CI_CD|x64 = CI_CD|x64
		CI_CD|x86 = CI_CD|x86
		Debug|Any CPU = Debug|Any CPU
		Debug|ARM = Debug|ARM
		Debug|ARM64 = Debug|ARM64
		Debug|x64 = Debug|x64
		Debug|x86 = Debug|x86
		Release|Any CPU = Release|Any CPU
		Release|ARM = Release|ARM
		Release|ARM64 = Release|ARM64
		Release|x64 = Release|x64
		Release|x86 = Release|x86
	EndGlobalSection
	GlobalSection(ProjectConfigurationPlatforms) = postSolution
		{84C57181-7C19-1558-EB2F-2E7F8A4D17A2}.CI_CD|Any CPU.ActiveCfg = Debug|Any CPU
		{84C57181-7C19-1558-EB2F-2E7F8A4D17A2}.CI_CD|Any CPU.Build.0 = Debug|Any CPU
		{84C57181-7C19-1558-EB2F-2E7F8A4D17A2}.CI_CD|ARM.ActiveCfg = Release|Any CPU
		{84C57181-7C19-1558-EB2F-2E7F8A4D17A2}.CI_CD|ARM.Build.0 = Release|Any CPU
		{84C57181-7C19-1558-EB2F-2E7F8A4D17A2}.CI_CD|ARM64.ActiveCfg = Release|Any CPU
		{84C57181-7C19-1558-EB2F-2E7F8A4D17A2}.CI_CD|ARM64.Build.0 = Release|Any CPU
		{84C57181-7C19-1558-EB2F-2E7F8A4D17A2}.CI_CD|x64.ActiveCfg = Release|Any CPU
		{84C57181-7C19-1558-EB2F-2E7F8A4D17A2}.CI_CD|x64.Build.0 = Release|Any CPU
		{84C57181-7C19-1558-EB2F-2E7F8A4D17A2}.CI_CD|x86.ActiveCfg = Release|Any CPU
		{84C57181-7C19-1558-EB2F-2E7F8A4D17A2}.CI_CD|x86.Build.0 = Release|Any CPU
		{84C57181-7C19-1558-EB2F-2E7F8A4D17A2}.Debug|Any CPU.ActiveCfg = Debug|Any CPU
		{84C57181-7C19-1558-EB2F-2E7F8A4D17A2}.Debug|Any CPU.Build.0 = Debug|Any CPU
		{84C57181-7C19-1558-EB2F-2E7F8A4D17A2}.Debug|ARM.ActiveCfg = Debug|Any CPU
		{84C57181-7C19-1558-EB2F-2E7F8A4D17A2}.Debug|ARM.Build.0 = Debug|Any CPU
		{84C57181-7C19-1558-EB2F-2E7F8A4D17A2}.Debug|ARM64.ActiveCfg = Debug|Any CPU
		{84C57181-7C19-1558-EB2F-2E7F8A4D17A2}.Debug|ARM64.Build.0 = Debug|Any CPU
		{84C57181-7C19-1558-EB2F-2E7F8A4D17A2}.Debug|x64.ActiveCfg = Debug|Any CPU
		{84C57181-7C19-1558-EB2F-2E7F8A4D17A2}.Debug|x64.Build.0 = Debug|Any CPU
		{84C57181-7C19-1558-EB2F-2E7F8A4D17A2}.Debug|x86.ActiveCfg = Debug|Any CPU
		{84C57181-7C19-1558-EB2F-2E7F8A4D17A2}.Debug|x86.Build.0 = Debug|Any CPU
		{84C57181-7C19-1558-EB2F-2E7F8A4D17A2}.Release|Any CPU.ActiveCfg = Release|Any CPU
		{84C57181-7C19-1558-EB2F-2E7F8A4D17A2}.Release|Any CPU.Build.0 = Release|Any CPU
		{84C57181-7C19-1558-EB2F-2E7F8A4D17A2}.Release|ARM.ActiveCfg = Release|Any CPU
		{84C57181-7C19-1558-EB2F-2E7F8A4D17A2}.Release|ARM.Build.0 = Release|Any CPU
		{84C57181-7C19-1558-EB2F-2E7F8A4D17A2}.Release|ARM64.ActiveCfg = Release|Any CPU
		{84C57181-7C19-1558-EB2F-2E7F8A4D17A2}.Release|ARM64.Build.0 = Release|Any CPU
		{84C57181-7C19-1558-EB2F-2E7F8A4D17A2}.Release|x64.ActiveCfg = Release|Any CPU
		{84C57181-7C19-1558-EB2F-2E7F8A4D17A2}.Release|x64.Build.0 = Release|Any CPU
		{84C57181-7C19-1558-EB2F-2E7F8A4D17A2}.Release|x86.ActiveCfg = Release|Any CPU
		{84C57181-7C19-1558-EB2F-2E7F8A4D17A2}.Release|x86.Build.0 = Release|Any CPU
		{23A3D3EC-CA5B-6324-5D6D-092247027D53}.CI_CD|Any CPU.ActiveCfg = Debug|Any CPU
		{23A3D3EC-CA5B-6324-5D6D-092247027D53}.CI_CD|Any CPU.Build.0 = Debug|Any CPU
		{23A3D3EC-CA5B-6324-5D6D-092247027D53}.CI_CD|ARM.ActiveCfg = Release|Any CPU
		{23A3D3EC-CA5B-6324-5D6D-092247027D53}.CI_CD|ARM.Build.0 = Release|Any CPU
		{23A3D3EC-CA5B-6324-5D6D-092247027D53}.CI_CD|ARM64.ActiveCfg = Release|Any CPU
		{23A3D3EC-CA5B-6324-5D6D-092247027D53}.CI_CD|ARM64.Build.0 = Release|Any CPU
		{23A3D3EC-CA5B-6324-5D6D-092247027D53}.CI_CD|x64.ActiveCfg = Release|Any CPU
		{23A3D3EC-CA5B-6324-5D6D-092247027D53}.CI_CD|x64.Build.0 = Release|Any CPU
		{23A3D3EC-CA5B-6324-5D6D-092247027D53}.CI_CD|x86.ActiveCfg = Release|Any CPU
		{23A3D3EC-CA5B-6324-5D6D-092247027D53}.CI_CD|x86.Build.0 = Release|Any CPU
		{23A3D3EC-CA5B-6324-5D6D-092247027D53}.Debug|Any CPU.ActiveCfg = Debug|Any CPU
		{23A3D3EC-CA5B-6324-5D6D-092247027D53}.Debug|Any CPU.Build.0 = Debug|Any CPU
		{23A3D3EC-CA5B-6324-5D6D-092247027D53}.Debug|ARM.ActiveCfg = Debug|Any CPU
		{23A3D3EC-CA5B-6324-5D6D-092247027D53}.Debug|ARM.Build.0 = Debug|Any CPU
		{23A3D3EC-CA5B-6324-5D6D-092247027D53}.Debug|ARM64.ActiveCfg = Debug|Any CPU
		{23A3D3EC-CA5B-6324-5D6D-092247027D53}.Debug|ARM64.Build.0 = Debug|Any CPU
		{23A3D3EC-CA5B-6324-5D6D-092247027D53}.Debug|x64.ActiveCfg = Debug|Any CPU
		{23A3D3EC-CA5B-6324-5D6D-092247027D53}.Debug|x64.Build.0 = Debug|Any CPU
		{23A3D3EC-CA5B-6324-5D6D-092247027D53}.Debug|x86.ActiveCfg = Debug|Any CPU
		{23A3D3EC-CA5B-6324-5D6D-092247027D53}.Debug|x86.Build.0 = Debug|Any CPU
		{23A3D3EC-CA5B-6324-5D6D-092247027D53}.Release|Any CPU.ActiveCfg = Release|Any CPU
		{23A3D3EC-CA5B-6324-5D6D-092247027D53}.Release|Any CPU.Build.0 = Release|Any CPU
		{23A3D3EC-CA5B-6324-5D6D-092247027D53}.Release|ARM.ActiveCfg = Release|Any CPU
		{23A3D3EC-CA5B-6324-5D6D-092247027D53}.Release|ARM.Build.0 = Release|Any CPU
		{23A3D3EC-CA5B-6324-5D6D-092247027D53}.Release|ARM64.ActiveCfg = Release|Any CPU
		{23A3D3EC-CA5B-6324-5D6D-092247027D53}.Release|ARM64.Build.0 = Release|Any CPU
		{23A3D3EC-CA5B-6324-5D6D-092247027D53}.Release|x64.ActiveCfg = Release|Any CPU
		{23A3D3EC-CA5B-6324-5D6D-092247027D53}.Release|x64.Build.0 = Release|Any CPU
		{23A3D3EC-CA5B-6324-5D6D-092247027D53}.Release|x86.ActiveCfg = Release|Any CPU
		{23A3D3EC-CA5B-6324-5D6D-092247027D53}.Release|x86.Build.0 = Release|Any CPU
		{B03BF4BB-2B9E-4D19-B955-EE96D82DA151}.CI_CD|Any CPU.ActiveCfg = Debug|Any CPU
		{B03BF4BB-2B9E-4D19-B955-EE96D82DA151}.CI_CD|Any CPU.Build.0 = Debug|Any CPU
		{B03BF4BB-2B9E-4D19-B955-EE96D82DA151}.CI_CD|ARM.ActiveCfg = Release|Any CPU
		{B03BF4BB-2B9E-4D19-B955-EE96D82DA151}.CI_CD|ARM.Build.0 = Release|Any CPU
		{B03BF4BB-2B9E-4D19-B955-EE96D82DA151}.CI_CD|ARM64.ActiveCfg = Release|Any CPU
		{B03BF4BB-2B9E-4D19-B955-EE96D82DA151}.CI_CD|ARM64.Build.0 = Release|Any CPU
		{B03BF4BB-2B9E-4D19-B955-EE96D82DA151}.CI_CD|x64.ActiveCfg = Release|Any CPU
		{B03BF4BB-2B9E-4D19-B955-EE96D82DA151}.CI_CD|x64.Build.0 = Release|Any CPU
		{B03BF4BB-2B9E-4D19-B955-EE96D82DA151}.CI_CD|x86.ActiveCfg = Release|Any CPU
		{B03BF4BB-2B9E-4D19-B955-EE96D82DA151}.CI_CD|x86.Build.0 = Release|Any CPU
		{B03BF4BB-2B9E-4D19-B955-EE96D82DA151}.Debug|Any CPU.ActiveCfg = Debug|Any CPU
		{B03BF4BB-2B9E-4D19-B955-EE96D82DA151}.Debug|Any CPU.Build.0 = Debug|Any CPU
		{B03BF4BB-2B9E-4D19-B955-EE96D82DA151}.Debug|ARM.ActiveCfg = Debug|Any CPU
		{B03BF4BB-2B9E-4D19-B955-EE96D82DA151}.Debug|ARM.Build.0 = Debug|Any CPU
		{B03BF4BB-2B9E-4D19-B955-EE96D82DA151}.Debug|ARM64.ActiveCfg = Debug|Any CPU
		{B03BF4BB-2B9E-4D19-B955-EE96D82DA151}.Debug|ARM64.Build.0 = Debug|Any CPU
		{B03BF4BB-2B9E-4D19-B955-EE96D82DA151}.Debug|x64.ActiveCfg = Debug|Any CPU
		{B03BF4BB-2B9E-4D19-B955-EE96D82DA151}.Debug|x64.Build.0 = Debug|Any CPU
		{B03BF4BB-2B9E-4D19-B955-EE96D82DA151}.Debug|x86.ActiveCfg = Debug|Any CPU
		{B03BF4BB-2B9E-4D19-B955-EE96D82DA151}.Debug|x86.Build.0 = Debug|Any CPU
		{B03BF4BB-2B9E-4D19-B955-EE96D82DA151}.Release|Any CPU.ActiveCfg = Release|Any CPU
		{B03BF4BB-2B9E-4D19-B955-EE96D82DA151}.Release|Any CPU.Build.0 = Release|Any CPU
		{B03BF4BB-2B9E-4D19-B955-EE96D82DA151}.Release|ARM.ActiveCfg = Release|Any CPU
		{B03BF4BB-2B9E-4D19-B955-EE96D82DA151}.Release|ARM.Build.0 = Release|Any CPU
		{B03BF4BB-2B9E-4D19-B955-EE96D82DA151}.Release|ARM64.ActiveCfg = Release|Any CPU
		{B03BF4BB-2B9E-4D19-B955-EE96D82DA151}.Release|ARM64.Build.0 = Release|Any CPU
		{B03BF4BB-2B9E-4D19-B955-EE96D82DA151}.Release|x64.ActiveCfg = Release|Any CPU
		{B03BF4BB-2B9E-4D19-B955-EE96D82DA151}.Release|x64.Build.0 = Release|Any CPU
		{B03BF4BB-2B9E-4D19-B955-EE96D82DA151}.Release|x86.ActiveCfg = Release|Any CPU
		{B03BF4BB-2B9E-4D19-B955-EE96D82DA151}.Release|x86.Build.0 = Release|Any CPU
		{2383B0BA-14D1-40AE-B160-43C6502AE1E5}.CI_CD|Any CPU.ActiveCfg = Release|Any CPU
		{2383B0BA-14D1-40AE-B160-43C6502AE1E5}.CI_CD|Any CPU.Build.0 = Release|Any CPU
		{2383B0BA-14D1-40AE-B160-43C6502AE1E5}.CI_CD|Any CPU.Deploy.0 = Release|Any CPU
		{2383B0BA-14D1-40AE-B160-43C6502AE1E5}.CI_CD|ARM.ActiveCfg = Debug|ARM
		{2383B0BA-14D1-40AE-B160-43C6502AE1E5}.CI_CD|ARM.Build.0 = Debug|ARM
		{2383B0BA-14D1-40AE-B160-43C6502AE1E5}.CI_CD|ARM.Deploy.0 = Debug|ARM
		{2383B0BA-14D1-40AE-B160-43C6502AE1E5}.CI_CD|ARM64.ActiveCfg = Debug|ARM64
		{2383B0BA-14D1-40AE-B160-43C6502AE1E5}.CI_CD|ARM64.Build.0 = Debug|ARM64
		{2383B0BA-14D1-40AE-B160-43C6502AE1E5}.CI_CD|ARM64.Deploy.0 = Debug|ARM64
		{2383B0BA-14D1-40AE-B160-43C6502AE1E5}.CI_CD|x64.ActiveCfg = Debug|x64
		{2383B0BA-14D1-40AE-B160-43C6502AE1E5}.CI_CD|x64.Build.0 = Debug|x64
		{2383B0BA-14D1-40AE-B160-43C6502AE1E5}.CI_CD|x64.Deploy.0 = Debug|x64
		{2383B0BA-14D1-40AE-B160-43C6502AE1E5}.CI_CD|x86.ActiveCfg = Debug|x86
		{2383B0BA-14D1-40AE-B160-43C6502AE1E5}.CI_CD|x86.Build.0 = Debug|x86
		{2383B0BA-14D1-40AE-B160-43C6502AE1E5}.CI_CD|x86.Deploy.0 = Debug|x86
		{2383B0BA-14D1-40AE-B160-43C6502AE1E5}.Debug|Any CPU.ActiveCfg = Debug|Any CPU
		{2383B0BA-14D1-40AE-B160-43C6502AE1E5}.Debug|Any CPU.Build.0 = Debug|Any CPU
		{2383B0BA-14D1-40AE-B160-43C6502AE1E5}.Debug|Any CPU.Deploy.0 = Debug|Any CPU
		{2383B0BA-14D1-40AE-B160-43C6502AE1E5}.Debug|ARM.ActiveCfg = Debug|ARM
		{2383B0BA-14D1-40AE-B160-43C6502AE1E5}.Debug|ARM.Build.0 = Debug|ARM
		{2383B0BA-14D1-40AE-B160-43C6502AE1E5}.Debug|ARM.Deploy.0 = Debug|ARM
		{2383B0BA-14D1-40AE-B160-43C6502AE1E5}.Debug|ARM64.ActiveCfg = Debug|ARM64
		{2383B0BA-14D1-40AE-B160-43C6502AE1E5}.Debug|ARM64.Build.0 = Debug|ARM64
		{2383B0BA-14D1-40AE-B160-43C6502AE1E5}.Debug|ARM64.Deploy.0 = Debug|ARM64
		{2383B0BA-14D1-40AE-B160-43C6502AE1E5}.Debug|x64.ActiveCfg = Debug|x64
		{2383B0BA-14D1-40AE-B160-43C6502AE1E5}.Debug|x64.Build.0 = Debug|x64
		{2383B0BA-14D1-40AE-B160-43C6502AE1E5}.Debug|x64.Deploy.0 = Debug|x64
		{2383B0BA-14D1-40AE-B160-43C6502AE1E5}.Debug|x86.ActiveCfg = Debug|x86
		{2383B0BA-14D1-40AE-B160-43C6502AE1E5}.Debug|x86.Build.0 = Debug|x86
		{2383B0BA-14D1-40AE-B160-43C6502AE1E5}.Debug|x86.Deploy.0 = Debug|x86
		{2383B0BA-14D1-40AE-B160-43C6502AE1E5}.Release|Any CPU.ActiveCfg = Release|Any CPU
		{2383B0BA-14D1-40AE-B160-43C6502AE1E5}.Release|Any CPU.Build.0 = Release|Any CPU
		{2383B0BA-14D1-40AE-B160-43C6502AE1E5}.Release|Any CPU.Deploy.0 = Release|Any CPU
		{2383B0BA-14D1-40AE-B160-43C6502AE1E5}.Release|ARM.ActiveCfg = Release|ARM
		{2383B0BA-14D1-40AE-B160-43C6502AE1E5}.Release|ARM.Build.0 = Release|ARM
		{2383B0BA-14D1-40AE-B160-43C6502AE1E5}.Release|ARM.Deploy.0 = Release|ARM
		{2383B0BA-14D1-40AE-B160-43C6502AE1E5}.Release|ARM64.ActiveCfg = Release|ARM64
		{2383B0BA-14D1-40AE-B160-43C6502AE1E5}.Release|ARM64.Build.0 = Release|ARM64
		{2383B0BA-14D1-40AE-B160-43C6502AE1E5}.Release|ARM64.Deploy.0 = Release|ARM64
		{2383B0BA-14D1-40AE-B160-43C6502AE1E5}.Release|x64.ActiveCfg = Release|x64
		{2383B0BA-14D1-40AE-B160-43C6502AE1E5}.Release|x64.Build.0 = Release|x64
		{2383B0BA-14D1-40AE-B160-43C6502AE1E5}.Release|x64.Deploy.0 = Release|x64
		{2383B0BA-14D1-40AE-B160-43C6502AE1E5}.Release|x86.ActiveCfg = Release|x86
		{2383B0BA-14D1-40AE-B160-43C6502AE1E5}.Release|x86.Build.0 = Release|x86
		{2383B0BA-14D1-40AE-B160-43C6502AE1E5}.Release|x86.Deploy.0 = Release|x86
	EndGlobalSection
	GlobalSection(SolutionProperties) = preSolution
		HideSolutionNode = FALSE
	EndGlobalSection
	GlobalSection(ExtensibilityGlobals) = postSolution
		SolutionGuid = {99018809-BE73-47F0-B31E-7E06D24823E7}
	EndGlobalSection
EndGlobal
